
Microsoft Visual Studio Solution File, Format Version 12.00
# Visual Studio Version 17
VisualStudioVersion = 17.7.34031.279
MinimumVisualStudioVersion = 10.0.40219.1
Project("{FAE04EC0-301F-11D3-BF4B-00C04F79EFBC}") = "EmployeeDiary", "EmployeeDiary\EmployeeDiary.csproj", "{E230937F-043B-4101-959E-5EE9A5AB4E42}"
EndProject
Global
	GlobalSection(SolutionConfigurationPlatforms) = preSolution
		Debug|Any CPU = Debug|Any CPU
		Release|Any CPU = Release|Any CPU
	EndGlobalSection
	GlobalSection(ProjectConfigurationPlatforms) = postSolution
		{E230937F-043B-4101-959E-5EE9A5AB4E42}.Debug|Any CPU.ActiveCfg = Debug|Any CPU
		{E230937F-043B-4101-959E-5EE9A5AB4E42}.Debug|Any CPU.Build.0 = Debug|Any CPU
		{E230937F-043B-4101-959E-5EE9A5AB4E42}.Release|Any CPU.ActiveCfg = Release|Any CPU
		{E230937F-043B-4101-959E-5EE9A5AB4E42}.Release|Any CPU.Build.0 = Release|Any CPU
	EndGlobalSection
	GlobalSection(SolutionProperties) = preSolution
		HideSolutionNode = FALSE
	EndGlobalSection
	GlobalSection(ExtensibilityGlobals) = postSolution
		SolutionGuid = {89E517A4-DFF3-46A3-8E43-82FD38A274BC}
	EndGlobalSection
EndGlobal
