
Microsoft Visual Studio Solution File, Format Version 12.00
# Visual Studio Version 17
VisualStudioVersion = 17.7.34031.279
MinimumVisualStudioVersion = 10.0.40219.1
Project("{9A19103F-16F7-4668-BE54-9A1E7A4F7556}") = "KsefInfrastructure", "KsefInfrastructure\KsefInfrastructure.csproj", "{66D190E8-08B3-4C7D-8153-605ED7665949}"
EndProject
Project("{9A19103F-16F7-4668-BE54-9A1E7A4F7556}") = "KsefApi", "KsefApi\KsefApi.csproj", "{4139F28A-64A6-4EE5-91A0-BC727B8AF27B}"
EndProject
Project("{9A19103F-16F7-4668-BE54-9A1E7A4F7556}") = "KsefCore", "KsefCore\KsefCore.csproj", "{7F61F245-1534-4F16-897B-503CFD9DEC03}"
EndProject
Project("{FAE04EC0-301F-11D3-BF4B-00C04F79EFBC}") = "KsefClient", "KsefClient\KsefClient.csproj", "{2C84411E-8F61-4DEA-BE25-268886654FF1}"
EndProject
Global
	GlobalSection(SolutionConfigurationPlatforms) = preSolution
		Debug|Any CPU = Debug|Any CPU
		Release|Any CPU = Release|Any CPU
	EndGlobalSection
	GlobalSection(ProjectConfigurationPlatforms) = postSolution
		{66D190E8-08B3-4C7D-8153-605ED7665949}.Debug|Any CPU.ActiveCfg = Debug|Any CPU
		{66D190E8-08B3-4C7D-8153-605ED7665949}.Debug|Any CPU.Build.0 = Debug|Any CPU
		{66D190E8-08B3-4C7D-8153-605ED7665949}.Release|Any CPU.ActiveCfg = Release|Any CPU
		{66D190E8-08B3-4C7D-8153-605ED7665949}.Release|Any CPU.Build.0 = Release|Any CPU
		{4139F28A-64A6-4EE5-91A0-BC727B8AF27B}.Debug|Any CPU.ActiveCfg = Debug|Any CPU
		{4139F28A-64A6-4EE5-91A0-BC727B8AF27B}.Debug|Any CPU.Build.0 = Debug|Any CPU
		{4139F28A-64A6-4EE5-91A0-BC727B8AF27B}.Release|Any CPU.ActiveCfg = Release|Any CPU
		{4139F28A-64A6-4EE5-91A0-BC727B8AF27B}.Release|Any CPU.Build.0 = Release|Any CPU
		{7F61F245-1534-4F16-897B-503CFD9DEC03}.Debug|Any CPU.ActiveCfg = Debug|Any CPU
		{7F61F245-1534-4F16-897B-503CFD9DEC03}.Debug|Any CPU.Build.0 = Debug|Any CPU
		{7F61F245-1534-4F16-897B-503CFD9DEC03}.Release|Any CPU.ActiveCfg = Release|Any CPU
		{7F61F245-1534-4F16-897B-503CFD9DEC03}.Release|Any CPU.Build.0 = Release|Any CPU
		{2C84411E-8F61-4DEA-BE25-268886654FF1}.Debug|Any CPU.ActiveCfg = Debug|Any CPU
		{2C84411E-8F61-4DEA-BE25-268886654FF1}.Debug|Any CPU.Build.0 = Debug|Any CPU
		{2C84411E-8F61-4DEA-BE25-268886654FF1}.Release|Any CPU.ActiveCfg = Release|Any CPU
		{2C84411E-8F61-4DEA-BE25-268886654FF1}.Release|Any CPU.Build.0 = Release|Any CPU
	EndGlobalSection
	GlobalSection(SolutionProperties) = preSolution
		HideSolutionNode = FALSE
	EndGlobalSection
	GlobalSection(ExtensibilityGlobals) = postSolution
		SolutionGuid = {89E517A4-DFF3-46A3-8E43-82FD38A274BC}
	EndGlobalSection
EndGlobal
